
Microsoft Visual Studio Solution File, Format Version 12.00
# Visual Studio Version 16
VisualStudioVersion = 16.0.32602.291
MinimumVisualStudioVersion = 10.0.40219.1
Project("{FAE04EC0-301F-11D3-BF4B-00C04F79EFBC}") = "TodoListBlazorWasm", "TodoListBlazorWasm\TodoListBlazorWasm.csproj", "{D45D0A8B-9181-4732-8770-CC44CD0B55F4}"
EndProject
Global
	GlobalSection(SolutionConfigurationPlatforms) = preSolution
		Debug|Any CPU = Debug|Any CPU
		Release|Any CPU = Release|Any CPU
	EndGlobalSection
	GlobalSection(ProjectConfigurationPlatforms) = postSolution
		{D45D0A8B-9181-4732-8770-CC44CD0B55F4}.Debug|Any CPU.ActiveCfg = Debug|Any CPU
		{D45D0A8B-9181-4732-8770-CC44CD0B55F4}.Debug|Any CPU.Build.0 = Debug|Any CPU
		{D45D0A8B-9181-4732-8770-CC44CD0B55F4}.Release|Any CPU.ActiveCfg = Release|Any CPU
		{D45D0A8B-9181-4732-8770-CC44CD0B55F4}.Release|Any CPU.Build.0 = Release|Any CPU
	EndGlobalSection
	GlobalSection(SolutionProperties) = preSolution
		HideSolutionNode = FALSE
	EndGlobalSection
	GlobalSection(ExtensibilityGlobals) = postSolution
		SolutionGuid = {61BFCA40-2F5F-4284-83F4-DEEA5302C608}
	EndGlobalSection
EndGlobal
